hash: 3b6405c6900c2c98470e7ffdab1e28a24fd4bea68420405bce9e190f4f226345
updated: 2019-01-22T15:37:07.538228+08:00
imports:
- name: github.com/astaxie/beego
  version: bf5c5626ab429e66d88602e1ab1ab5fbf4629a01
  subpackages:
  - config
  - context
  - context/param
  - grace
  - logs
  - orm
  - session
  - toolbox
  - utils
- name: github.com/beego/bee
  version: 10bb0454f641a6dcf9ebc9ce9efcc89822586012
- name: github.com/go-sql-driver/mysql
  version: bc14601d1bd56421dd60f561e6052c9ed77f9daf
- name: google.golang.org/appengine
  version: e9657d882bb81064595ca3b56cbe2546bbabf7b1
  subpackages:
  - cloudsql
testImports:
- name: github.com/gopherjs/gopherjs
  version: d547d1d9531ed93dbdebcbff7f83e7c876a1e0ee
  subpackages:
  - js
- name: github.com/jtolds/gls
  version: b4936e06046bbecbb94cae9c18127ebe510a2cb9
- name: github.com/smartystreets/assertions
  version: b6c0e53d73045618965505ac26ff7864fe3ab2b2
  subpackages:
  - internal/go-render/render
  - internal/oglematchers
- name: github.com/smartystreets/goconvey
  version: 044398e4856c3a83fb98f9de0a8ed1c6495e2843
  subpackages:
  - convey
  - convey/gotest
  - convey/reporting
